
Microsoft Visual Studio Solution File, Format Version 12.00
# Visual Studio Version 17
VisualStudioVersion = 17.14.37411.7 d17.14
MinimumVisualStudioVersion = 10.0.40219.1
Project("{FAE04EC0-301F-11D3-BF4B-00C04F79EFBC}") = "BaseProject.Backend", "BaseProject.Backend\BaseProject.Backend.csproj", "{A599AE18-E597-46DF-8C42-720DDB846B28}"
EndProject
Project("{FAE04EC0-301F-11D3-BF4B-00C04F79EFBC}") = "BaseProject.Shared", "BaseProject.Shared\BaseProject.Shared.csproj", "{6A66C9A1-B4A1-4CAB-B52F-C037DFDB732D}"
EndProject
Project("{FAE04EC0-301F-11D3-BF4B-00C04F79EFBC}") = "BaseProject.Frontend", "BaseProject.Frontend\BaseProject.Frontend.csproj", "{98D97E4D-EEDF-F778-7AA9-C3A1BFC1D49E}"
EndProject
Global
	GlobalSection(SolutionConfigurationPlatforms) = preSolution
		Debug|Any CPU = Debug|Any CPU
		Release|Any CPU = Release|Any CPU
	EndGlobalSection
	GlobalSection(ProjectConfigurationPlatforms) = postSolution
		{A599AE18-E597-46DF-8C42-720DDB846B28}.Debug|Any CPU.ActiveCfg = Debug|Any CPU
		{A599AE18-E597-46DF-8C42-720DDB846B28}.Debug|Any CPU.Build.0 = Debug|Any CPU
		{A599AE18-E597-46DF-8C42-720DDB846B28}.Release|Any CPU.ActiveCfg = Release|Any CPU
		{A599AE18-E597-46DF-8C42-720DDB846B28}.Release|Any CPU.Build.0 = Release|Any CPU
		{6A66C9A1-B4A1-4CAB-B52F-C037DFDB732D}.Debug|Any CPU.ActiveCfg = Debug|Any CPU
		{6A66C9A1-B4A1-4CAB-B52F-C037DFDB732D}.Debug|Any CPU.Build.0 = Debug|Any CPU
		{6A66C9A1-B4A1-4CAB-B52F-C037DFDB732D}.Release|Any CPU.ActiveCfg = Release|Any CPU
		{6A66C9A1-B4A1-4CAB-B52F-C037DFDB732D}.Release|Any CPU.Build.0 = Release|Any CPU
		{98D97E4D-EEDF-F778-7AA9-C3A1BFC1D49E}.Debug|Any CPU.ActiveCfg = Debug|Any CPU
		{98D97E4D-EEDF-F778-7AA9-C3A1BFC1D49E}.Debug|Any CPU.Build.0 = Debug|Any CPU
		{98D97E4D-EEDF-F778-7AA9-C3A1BFC1D49E}.Release|Any CPU.ActiveCfg = Release|Any CPU
		{98D97E4D-EEDF-F778-7AA9-C3A1BFC1D49E}.Release|Any CPU.Build.0 = Release|Any CPU
	EndGlobalSection
	GlobalSection(SolutionProperties) = preSolution
		HideSolutionNode = FALSE
	EndGlobalSection
	GlobalSection(ExtensibilityGlobals) = postSolution
		SolutionGuid = {9DD19A76-CA39-4304-855A-7726927DB157}
	EndGlobalSection
EndGlobal
